
Microsoft Visual Studio Solution File, Format Version 12.00
# Visual Studio Version 16
VisualStudioVersion = 16.0.30204.135
MinimumVisualStudioVersion = 10.0.40219.1
Project("{FAE04EC0-301F-11D3-BF4B-00C04F79EFBC}") = "DbOrmModel", "DbOrmModel.csproj", "{9B5DB966-A2AB-46E8-B5C4-7856EA1CB285}"
EndProject
Global
	GlobalSection(SolutionConfigurationPlatforms) = preSolution
		Debug|Any CPU = Debug|Any CPU
		Debug|x86 = Debug|x86
		Release|Any CPU = Release|Any CPU
		Release|x86 = Release|x86
	EndGlobalSection
	GlobalSection(ProjectConfigurationPlatforms) = postSolution
		{9B5DB966-A2AB-46E8-B5C4-7856EA1CB285}.Debug|Any CPU.ActiveCfg = Debug|x86
		{9B5DB966-A2AB-46E8-B5C4-7856EA1CB285}.Debug|Any CPU.Build.0 = Debug|x86
		{9B5DB966-A2AB-46E8-B5C4-7856EA1CB285}.Debug|x86.ActiveCfg = Debug|x86
		{9B5DB966-A2AB-46E8-B5C4-7856EA1CB285}.Debug|x86.Build.0 = Debug|x86
		{9B5DB966-A2AB-46E8-B5C4-7856EA1CB285}.Release|Any CPU.ActiveCfg = Release|x86
		{9B5DB966-A2AB-46E8-B5C4-7856EA1CB285}.Release|Any CPU.Build.0 = Release|x86
		{9B5DB966-A2AB-46E8-B5C4-7856EA1CB285}.Release|x86.ActiveCfg = Release|x86
		{9B5DB966-A2AB-46E8-B5C4-7856EA1CB285}.Release|x86.Build.0 = Release|x86
	EndGlobalSection
	GlobalSection(SolutionProperties) = preSolution
		HideSolutionNode = FALSE
	EndGlobalSection
	GlobalSection(ExtensibilityGlobals) = postSolution
		SolutionGuid = {982738C2-2DDF-4463-A0C7-4C49F0D6DCB6}
	EndGlobalSection
EndGlobal
